<?xml version="1.0" encoding="UTF-8"?>
<Scheme
   LastUpgradeVersion = "0500"
   version = "1.3">
   <BuildAction
      parallelizeBuildables = "YES"
      buildImplicitDependencies = "YES">
      <BuildActionEntries>
         <BuildActionEntry
            buildForTesting = "YES"
            buildForRunning = "YES"
            buildForProfiling = "YES"
            buildForArchiving = "YES"
            buildForAnalyzing = "YES">
            <BuildableReference
               BuildableIdentifier = "primary"
               BlueprintIdentifier = "07F331F013DDF353007AEA80"
               BuildableName = "StratPad Premium.app"
               BlueprintName = "StratPad Premium"
               ReferencedContainer = "container:StratPad.xcodeproj">
            </BuildableReference>
         </BuildActionEntry>
      </BuildActionEntries>
   </BuildAction>
   <TestAction
      selectedDebuggerIdentifier = "Xcode.DebuggerFoundation.Debugger.LLDB"
      selectedLauncherIdentifier = "Xcode.DebuggerFoundation.Launcher.LLDB"
      shouldUseLaunchSchemeArgsEnv = "YES"
      buildConfiguration = "Debug">
      <Testables>
         <TestableReference
            skipped = "NO">
            <BuildableReference
               BuildableIdentifier = "primary"
               BlueprintIdentifier = "07F3321C13DDF353007AEA80"
               BuildableName = "StratPad Premium Tests.octest"
               BlueprintName = "StratPad Premium Tests"
               ReferencedContainer = "container:StratPad.xcodeproj">
            </BuildableReference>
            <SkippedTests>
               <Test
                  Identifier = "ActionsMenuViewControllerTest">
               </Test>
               <Test
                  Identifier = "ActivityCalculatorTest">
               </Test>
               <Test
                  Identifier = "ActivityDetailControllerTest">
               </Test>
               <Test
                  Identifier = "ActivityTest">
               </Test>
               <Test
                  Identifier = "ApplicationSkinTest">
               </Test>
               <Test
                  Identifier = "BusinessPlanViewControllerTest">
               </Test>
               <Test
                  Identifier = "CalculationsViewControllerTest">
               </Test>
               <Test
                  Identifier = "ChartTest">
               </Test>
               <Test
                  Identifier = "ChartViewTest">
               </Test>
               <Test
                  Identifier = "CoreDataTestCase">
               </Test>
               <Test
                  Identifier = "EditionManagerTest">
               </Test>
               <Test
                  Identifier = "MBDrawableLabelSplitterTest">
               </Test>
               <Test
                  Identifier = "MBReportHeaderTest">
               </Test>
               <Test
                  Identifier = "MeasurementTest">
               </Test>
               <Test
                  Identifier = "MeetingAgendaReportTest">
               </Test>
               <Test
                  Identifier = "MetricTest">
               </Test>
               <Test
                  Identifier = "NSDate_StratPadTest">
               </Test>
               <Test
                  Identifier = "NSNumber_StratPadTest">
               </Test>
               <Test
                  Identifier = "ObjectiveTest">
               </Test>
               <Test
                  Identifier = "ReachTheseGoalsDataSourceTest">
               </Test>
               <Test
                  Identifier = "RegistrationManagerTest">
               </Test>
               <Test
                  Identifier = "ReportCardPrinterTest">
               </Test>
               <Test
                  Identifier = "StratFileManagerTest">
               </Test>
               <Test
                  Identifier = "StratFileTest">
               </Test>
               <Test
                  Identifier = "StrategyFinancialAnalysisMonthViewControllerTest">
               </Test>
               <Test
                  Identifier = "StrategyMapViewTest">
               </Test>
               <Test
                  Identifier = "ThemeCOGSCalculatorTest">
               </Test>
               <Test
                  Identifier = "ThemeCostCalculatorTest">
               </Test>
               <Test
                  Identifier = "ThemeDetailReportViewControllerTest">
               </Test>
               <Test
                  Identifier = "ThemeDetailViewControllerTest">
               </Test>
               <Test
                  Identifier = "ThemeExpenseCalculatorTest">
               </Test>
               <Test
                  Identifier = "ThemeFinancialAnalysisCalculationStrategyTest">
               </Test>
               <Test
                  Identifier = "ThemeFinancialAnalysisMonthViewControllerTest">
               </Test>
               <Test
                  Identifier = "ThemeRevenueCalculatorTest">
               </Test>
               <Test
                  Identifier = "ThemeTest">
               </Test>
               <Test
                  Identifier = "YammerCommentManagerTest">
               </Test>
               <Test
                  Identifier = "YammerTest">
               </Test>
            </SkippedTests>
         </TestableReference>
      </Testables>
      <MacroExpansion>
         <BuildableReference
            BuildableIdentifier = "primary"
            BlueprintIdentifier = "07F331F013DDF353007AEA80"
            BuildableName = "StratPad Premium.app"
            BlueprintName = "StratPad Premium"
            ReferencedContainer = "container:StratPad.xcodeproj">
         </BuildableReference>
      </MacroExpansion>
   </TestAction>
   <LaunchAction
      selectedDebuggerIdentifier = "Xcode.DebuggerFoundation.Debugger.LLDB"
      selectedLauncherIdentifier = "Xcode.DebuggerFoundation.Launcher.LLDB"
      launchStyle = "0"
      useCustomWorkingDirectory = "NO"
      buildConfiguration = "Debug"
      ignoresPersistentStateOnLaunch = "NO"
      debugDocumentVersioning = "YES"
      allowLocationSimulation = "YES">
      <BuildableProductRunnable>
         <BuildableReference
            BuildableIdentifier = "primary"
            BlueprintIdentifier = "07F331F013DDF353007AEA80"
            BuildableName = "StratPad Premium.app"
            BlueprintName = "StratPad Premium"
            ReferencedContainer = "container:StratPad.xcodeproj">
         </BuildableReference>
      </BuildableProductRunnable>
      <AdditionalOptions>
      </AdditionalOptions>
   </LaunchAction>
   <ProfileAction
      shouldUseLaunchSchemeArgsEnv = "YES"
      savedToolIdentifier = ""
      useCustomWorkingDirectory = "NO"
      buildConfiguration = "Release"
      debugDocumentVersioning = "YES">
      <BuildableProductRunnable>
         <BuildableReference
            BuildableIdentifier = "primary"
            BlueprintIdentifier = "07F331F013DDF353007AEA80"
            BuildableName = "StratPad Premium.app"
            BlueprintName = "StratPad Premium"
            ReferencedContainer = "container:StratPad.xcodeproj">
         </BuildableReference>
      </BuildableProductRunnable>
   </ProfileAction>
   <AnalyzeAction
      buildConfiguration = "Debug">
   </AnalyzeAction>
   <ArchiveAction
      buildConfiguration = "App Store"
      revealArchiveInOrganizer = "YES">
   </ArchiveAction>
</Scheme>
